
Microsoft Visual Studio Solution File, Format Version 12.00
# Visual Studio Version 17
VisualStudioVersion = 17.6.33927.249
MinimumVisualStudioVersion = 10.0.40219.1
Project("{FAE04EC0-301F-11D3-BF4B-00C04F79EFBC}") = "MicroTest", "MicroTest\MicroTest.csproj", "{F5E1EB08-5175-4126-B2D9-5183C01A6583}"
EndProject
Global
	GlobalSection(SolutionConfigurationPlatforms) = preSolution
		Debug|Any CPU = Debug|Any CPU
		Release|Any CPU = Release|Any CPU
	EndGlobalSection
	GlobalSection(ProjectConfigurationPlatforms) = postSolution
		{F5E1EB08-5175-4126-B2D9-5183C01A6583}.Debug|Any CPU.ActiveCfg = Debug|Any CPU
		{F5E1EB08-5175-4126-B2D9-5183C01A6583}.Debug|Any CPU.Build.0 = Debug|Any CPU
		{F5E1EB08-5175-4126-B2D9-5183C01A6583}.Release|Any CPU.ActiveCfg = Release|Any CPU
		{F5E1EB08-5175-4126-B2D9-5183C01A6583}.Release|Any CPU.Build.0 = Release|Any CPU
	EndGlobalSection
	GlobalSection(SolutionProperties) = preSolution
		HideSolutionNode = FALSE
	EndGlobalSection
	GlobalSection(ExtensibilityGlobals) = postSolution
		SolutionGuid = {FBAB8CB3-40AD-45CD-A96F-7506253CC235}
	EndGlobalSection
EndGlobal
