
Microsoft Visual Studio Solution File, Format Version 12.00
# Visual Studio Version 17
VisualStudioVersion = 17.6.33927.249
MinimumVisualStudioVersion = 10.0.40219.1
Project("{9A19103F-16F7-4668-BE54-9A1E7A4F7556}") = "PlatformService", "PlatformService\PlatformService.csproj", "{0895E1B0-ACE5-4E32-97FA-63E452FAB5DB}"
EndProject
Project("{E53339B2-1760-4266-BCC7-CA923CBCF16C}") = "docker-compose", "docker-compose.dcproj", "{22BF027B-7814-402C-BF3C-35B2351018EE}"
EndProject
Global
	GlobalSection(SolutionConfigurationPlatforms) = preSolution
		Debug|Any CPU = Debug|Any CPU
		Release|Any CPU = Release|Any CPU
	EndGlobalSection
	GlobalSection(ProjectConfigurationPlatforms) = postSolution
		{0895E1B0-ACE5-4E32-97FA-63E452FAB5DB}.Debug|Any CPU.ActiveCfg = Debug|Any CPU
		{0895E1B0-ACE5-4E32-97FA-63E452FAB5DB}.Debug|Any CPU.Build.0 = Debug|Any CPU
		{0895E1B0-ACE5-4E32-97FA-63E452FAB5DB}.Release|Any CPU.ActiveCfg = Release|Any CPU
		{0895E1B0-ACE5-4E32-97FA-63E452FAB5DB}.Release|Any CPU.Build.0 = Release|Any CPU
		{22BF027B-7814-402C-BF3C-35B2351018EE}.Debug|Any CPU.ActiveCfg = Debug|Any CPU
		{22BF027B-7814-402C-BF3C-35B2351018EE}.Debug|Any CPU.Build.0 = Debug|Any CPU
		{22BF027B-7814-402C-BF3C-35B2351018EE}.Release|Any CPU.ActiveCfg = Release|Any CPU
		{22BF027B-7814-402C-BF3C-35B2351018EE}.Release|Any CPU.Build.0 = Release|Any CPU
	EndGlobalSection
	GlobalSection(SolutionProperties) = preSolution
		HideSolutionNode = FALSE
	EndGlobalSection
	GlobalSection(ExtensibilityGlobals) = postSolution
		SolutionGuid = {FBAB8CB3-40AD-45CD-A96F-7506253CC235}
	EndGlobalSection
EndGlobal
