
Microsoft Visual Studio Solution File, Format Version 12.00
# Visual Studio Version 17
VisualStudioVersion = 17.6.33927.249
MinimumVisualStudioVersion = 10.0.40219.1
Project("{9A19103F-16F7-4668-BE54-9A1E7A4F7556}") = "PlatformService", "PlatformService\PlatformService.csproj", "{0895E1B0-ACE5-4E32-97FA-63E452FAB5DB}"
EndProject
Project("{2150E333-8FDC-42A3-9474-1A3956D46DE8}") = "Solution Items", "Solution Items", "{90D18DC8-1D83-489C-A452-4C7B9BBEE669}"
	ProjectSection(SolutionItems) = preProject
		docker-compose.yaml = docker-compose.yaml
	EndProjectSection
EndProject
Project("{FAE04EC0-301F-11D3-BF4B-00C04F79EFBC}") = "CommandsService", "CommandsService\CommandsService.csproj", "{14D547D9-7C7E-42CC-9A1C-B0877015D998}"
EndProject
Global
	GlobalSection(SolutionConfigurationPlatforms) = preSolution
		Debug|Any CPU = Debug|Any CPU
		Release|Any CPU = Release|Any CPU
	EndGlobalSection
	GlobalSection(ProjectConfigurationPlatforms) = postSolution
		{0895E1B0-ACE5-4E32-97FA-63E452FAB5DB}.Debug|Any CPU.ActiveCfg = Debug|Any CPU
		{0895E1B0-ACE5-4E32-97FA-63E452FAB5DB}.Debug|Any CPU.Build.0 = Debug|Any CPU
		{0895E1B0-ACE5-4E32-97FA-63E452FAB5DB}.Release|Any CPU.ActiveCfg = Release|Any CPU
		{0895E1B0-ACE5-4E32-97FA-63E452FAB5DB}.Release|Any CPU.Build.0 = Release|Any CPU
		{14D547D9-7C7E-42CC-9A1C-B0877015D998}.Debug|Any CPU.ActiveCfg = Debug|Any CPU
		{14D547D9-7C7E-42CC-9A1C-B0877015D998}.Debug|Any CPU.Build.0 = Debug|Any CPU
		{14D547D9-7C7E-42CC-9A1C-B0877015D998}.Release|Any CPU.ActiveCfg = Release|Any CPU
		{14D547D9-7C7E-42CC-9A1C-B0877015D998}.Release|Any CPU.Build.0 = Release|Any CPU
	EndGlobalSection
	GlobalSection(SolutionProperties) = preSolution
		HideSolutionNode = FALSE
	EndGlobalSection
	GlobalSection(ExtensibilityGlobals) = postSolution
		SolutionGuid = {FBAB8CB3-40AD-45CD-A96F-7506253CC235}
	EndGlobalSection
EndGlobal
